
Microsoft Visual Studio Solution File, Format Version 12.00
# Visual Studio Version 16
VisualStudioVersion = 16.0.30907.101
MinimumVisualStudioVersion = 10.0.40219.1
Project("{FAE04EC0-301F-11D3-BF4B-00C04F79EFBC}") = "CPRG214.Marina.Data", "CPRG214.Marina.Data\CPRG214.Marina.Data.csproj", "{482FBF89-B642-4F8E-ABF6-EBF8DBDC7004}"
EndProject
Project("{FAE04EC0-301F-11D3-BF4B-00C04F79EFBC}") = "CPRG214.Marina.App", "CPRG214.Marina.App\CPRG214.Marina.App.csproj", "{F46C50F0-D8C5-4088-8D80-26043840B6DA}"
EndProject
Global
	GlobalSection(SolutionConfigurationPlatforms) = preSolution
		Debug|Any CPU = Debug|Any CPU
		Release|Any CPU = Release|Any CPU
	EndGlobalSection
	GlobalSection(ProjectConfigurationPlatforms) = postSolution
		{482FBF89-B642-4F8E-ABF6-EBF8DBDC7004}.Debug|Any CPU.ActiveCfg = Debug|Any CPU
		{482FBF89-B642-4F8E-ABF6-EBF8DBDC7004}.Debug|Any CPU.Build.0 = Debug|Any CPU
		{482FBF89-B642-4F8E-ABF6-EBF8DBDC7004}.Release|Any CPU.ActiveCfg = Release|Any CPU
		{482FBF89-B642-4F8E-ABF6-EBF8DBDC7004}.Release|Any CPU.Build.0 = Release|Any CPU
		{F46C50F0-D8C5-4088-8D80-26043840B6DA}.Debug|Any CPU.ActiveCfg = Debug|Any CPU
		{F46C50F0-D8C5-4088-8D80-26043840B6DA}.Debug|Any CPU.Build.0 = Debug|Any CPU
		{F46C50F0-D8C5-4088-8D80-26043840B6DA}.Release|Any CPU.ActiveCfg = Release|Any CPU
		{F46C50F0-D8C5-4088-8D80-26043840B6DA}.Release|Any CPU.Build.0 = Release|Any CPU
	EndGlobalSection
	GlobalSection(SolutionProperties) = preSolution
		HideSolutionNode = FALSE
	EndGlobalSection
	GlobalSection(ExtensibilityGlobals) = postSolution
		SolutionGuid = {86AC5B41-0501-4242-B2B9-59AF9C493A83}
	EndGlobalSection
EndGlobal
